
Microsoft Visual Studio Solution File, Format Version 12.00
Project("{FAE04EC0-301F-11D3-BF4B-00C04F79EFBC}") = "swc_lab3", "swc_lab3\swc_lab3.csproj", "{962EE1C4-1B62-4F0E-92D0-D0CD4DE14EF8}"
EndProject
Global
	GlobalSection(SolutionConfigurationPlatforms) = preSolution
		Debug|Any CPU = Debug|Any CPU
		Release|Any CPU = Release|Any CPU
	EndGlobalSection
	GlobalSection(ProjectConfigurationPlatforms) = postSolution
		{962EE1C4-1B62-4F0E-92D0-D0CD4DE14EF8}.Debug|Any CPU.ActiveCfg = Debug|Any CPU
		{962EE1C4-1B62-4F0E-92D0-D0CD4DE14EF8}.Debug|Any CPU.Build.0 = Debug|Any CPU
		{962EE1C4-1B62-4F0E-92D0-D0CD4DE14EF8}.Release|Any CPU.ActiveCfg = Release|Any CPU
		{962EE1C4-1B62-4F0E-92D0-D0CD4DE14EF8}.Release|Any CPU.Build.0 = Release|Any CPU
	EndGlobalSection
EndGlobal
